PODS:
  - Alamofire (4.5.1)
  - Atributika (4.4.1)
  - GoogleAnalytics (3.17.0)
  - Kingfisher (4.7.0)
  - Localize-Swift (2.0.0)
  - PureLayout (3.0.2)
  - SwiftyJSON (3.1.4)
  - SWXMLHash (4.2.5)

DEPENDENCIES:
  - Alamofire (~> 4.5.1)
  - Atributika
  - GoogleAnalytics (~> 3.17)
  - Kingfisher (~> 4.0)
  - Localize-Swift (~> 2.0)
  - PureLayout
  - SwiftyJSON (~> 3.1.4)
  - SWXMLHash (~> 4.2.1)

SPEC CHECKSUMS:
  Alamofire: 2d95912bf4c34f164fdfc335872e8c312acaea4a
  Atributika: 6c4d2a789a18ed64f2f5e7fe696da22973d8af0d
  GoogleAnalytics: f42cc53a87a51fe94334821868d9c8481ff47a7b
  Kingfisher: da6b005aa96d37698e3e4f1ccfe96a5b9bbf27d6
  Localize-Swift: c798ec9286494866f7068f85f7c71283ac5bdab4
  PureLayout: 4d550abe49a94f24c2808b9b95db9131685fe4cd
  SwiftyJSON: c2842d878f95482ffceec5709abc3d05680c0220
  SWXMLHash: eb16013c6f654853980822e0a778c9d66e017dde

PODFILE CHECKSUM: 30da0b1cf5b8c05fca839cb4233dcd17a1f6e2eb

COCOAPODS: 1.4.0
