PODS:
  - Alamofire (4.5.1)
  - Atributika (4.3.2)
  - Firebase/Core (4.11.0):
    - FirebaseAnalytics (= 4.1.0)
    - FirebaseCore (= 4.0.18)
  - FirebaseAnalytics (4.1.0):
    - FirebaseCore (~> 4.0)
    - FirebaseInstanceID (~> 2.0)
    - GoogleToolboxForMac/NSData+zlib (~> 2.1)
    - nanopb (~> 0.3)
  - FirebaseCore (4.0.18):
    - GoogleToolboxForMac/NSData+zlib (~> 2.1)
  - FirebaseInstanceID (2.0.10):
    - FirebaseCore (~> 4.0)
  - GoogleToolboxForMac/Defines (2.1.3)
  - GoogleToolboxForMac/NSData+zlib (2.1.3):
    - GoogleToolboxForMac/Defines (= 2.1.3)
  - Kingfisher (4.6.4)
  - Localize-Swift (2.0.0)
  - nanopb (0.3.8):
    - nanopb/decode (= 0.3.8)
    - nanopb/encode (= 0.3.8)
  - nanopb/decode (0.3.8)
  - nanopb/encode (0.3.8)
  - PureLayout (3.0.2)
  - SnapKit (4.0.0)
  - SwiftyJSON (3.1.4)
  - SWXMLHash (4.2.5)

DEPENDENCIES:
  - Alamofire (~> 4.5.1)
  - Atributika
  - Firebase/Core
  - Kingfisher (~> 4.0)
  - Localize-Swift (~> 2.0)
  - PureLayout
  - SnapKit (~> 4.0.0)
  - SwiftyJSON (~> 3.1.4)
  - SWXMLHash (~> 4.2.1)

SPEC CHECKSUMS:
  Alamofire: 2d95912bf4c34f164fdfc335872e8c312acaea4a
  Atributika: 7d59bf4c4aba05805c90436679bb98dff9a72a57
  Firebase: cc13dfab1038c8b45d7903e01fc690451d6d0b24
  FirebaseAnalytics: 3dfae28d4a5e06f86c4fae830efc2ad3fadb19bc
  FirebaseCore: b981f47e5254cbcfdeb483355300d743f6fcab2c
  FirebaseInstanceID: 8d20d890d65c917f9f7d9950b6e10a760ad34321
  GoogleToolboxForMac: 2501e2ad72a52eb3dfe7bd9aee7dad11b858bd20
  Kingfisher: 68498a706e46c2a050b0c9572f100e5db407f6e0
  Localize-Swift: c798ec9286494866f7068f85f7c71283ac5bdab4
  nanopb: 5601e6bca2dbf1ed831b519092ec110f66982ca3
  PureLayout: 4d550abe49a94f24c2808b9b95db9131685fe4cd
  SnapKit: a42d492c16e80209130a3379f73596c3454b7694
  SwiftyJSON: c2842d878f95482ffceec5709abc3d05680c0220
  SWXMLHash: eb16013c6f654853980822e0a778c9d66e017dde

PODFILE CHECKSUM: 6de7654cfc230d669730cd2109c09dadc877712e

COCOAPODS: 1.4.0
